
Microsoft Visual Studio Solution File, Format Version 12.00
# Visual Studio Version 17
VisualStudioVersion = 17.11.35303.130
MinimumVisualStudioVersion = 10.0.40219.1
Project("{FAE04EC0-301F-11D3-BF4B-00C04F79EFBC}") = "QuizApp", "QuizApp.csproj", "{9BF94A68-4A15-440A-B363-119E80BB01BD}"
EndProject
Global
	GlobalSection(SolutionConfigurationPlatforms) = preSolution
		Debug|Any CPU = Debug|Any CPU
		Release|Any CPU = Release|Any CPU
	EndGlobalSection
	GlobalSection(ProjectConfigurationPlatforms) = postSolution
		{9BF94A68-4A15-440A-B363-119E80BB01BD}.Debug|Any CPU.ActiveCfg = Debug|Any CPU
		{9BF94A68-4A15-440A-B363-119E80BB01BD}.Debug|Any CPU.Build.0 = Debug|Any CPU
		{9BF94A68-4A15-440A-B363-119E80BB01BD}.Release|Any CPU.ActiveCfg = Release|Any CPU
		{9BF94A68-4A15-440A-B363-119E80BB01BD}.Release|Any CPU.Build.0 = Release|Any CPU
	EndGlobalSection
	GlobalSection(SolutionProperties) = preSolution
		HideSolutionNode = FALSE
	EndGlobalSection
	GlobalSection(ExtensibilityGlobals) = postSolution
		SolutionGuid = {61623009-49FF-4C89-8ECD-F01E0EA2B460}
	EndGlobalSection
EndGlobal
